
Microsoft Visual Studio Solution File, Format Version 12.00
# Visual Studio Version 16
VisualStudioVersion = 16.0.32510.428
MinimumVisualStudioVersion = 10.0.40219.1
Project("{FAE04EC0-301F-11D3-BF4B-00C04F79EFBC}") = "DateTimeCoreWeb", "DateTimeCoreWeb.csproj", "{4D000D1A-C8C3-4977-8B78-89EE7FE18927}"
EndProject
Global
	GlobalSection(SolutionConfigurationPlatforms) = preSolution
		Debug|Any CPU = Debug|Any CPU
		Release|Any CPU = Release|Any CPU
	EndGlobalSection
	GlobalSection(ProjectConfigurationPlatforms) = postSolution
		{4D000D1A-C8C3-4977-8B78-89EE7FE18927}.Debug|Any CPU.ActiveCfg = Debug|Any CPU
		{4D000D1A-C8C3-4977-8B78-89EE7FE18927}.Debug|Any CPU.Build.0 = Debug|Any CPU
		{4D000D1A-C8C3-4977-8B78-89EE7FE18927}.Release|Any CPU.ActiveCfg = Release|Any CPU
		{4D000D1A-C8C3-4977-8B78-89EE7FE18927}.Release|Any CPU.Build.0 = Release|Any CPU
	EndGlobalSection
	GlobalSection(SolutionProperties) = preSolution
		HideSolutionNode = FALSE
	EndGlobalSection
	GlobalSection(ExtensibilityGlobals) = postSolution
		SolutionGuid = {560DC4CF-2E3A-40D3-AF95-5F06339BA567}
	EndGlobalSection
EndGlobal
