
Microsoft Visual Studio Solution File, Format Version 12.00
# Visual Studio Version 16
VisualStudioVersion = 16.0.32510.428
MinimumVisualStudioVersion = 10.0.40219.1
Project("{FAE04EC0-301F-11D3-BF4B-00C04F79EFBC}") = "CarInsurance", "CarInsurance.csproj", "{2C6E8490-37C6-4934-A74B-650979EA001A}"
EndProject
Global
	GlobalSection(SolutionConfigurationPlatforms) = preSolution
		Debug|Any CPU = Debug|Any CPU
		Release|Any CPU = Release|Any CPU
	EndGlobalSection
	GlobalSection(ProjectConfigurationPlatforms) = postSolution
		{2C6E8490-37C6-4934-A74B-650979EA001A}.Debug|Any CPU.ActiveCfg = Debug|Any CPU
		{2C6E8490-37C6-4934-A74B-650979EA001A}.Debug|Any CPU.Build.0 = Debug|Any CPU
		{2C6E8490-37C6-4934-A74B-650979EA001A}.Release|Any CPU.ActiveCfg = Release|Any CPU
		{2C6E8490-37C6-4934-A74B-650979EA001A}.Release|Any CPU.Build.0 = Release|Any CPU
	EndGlobalSection
	GlobalSection(SolutionProperties) = preSolution
		HideSolutionNode = FALSE
	EndGlobalSection
	GlobalSection(ExtensibilityGlobals) = postSolution
		SolutionGuid = {CB794177-3710-4A06-BBED-08CB009C2C94}
	EndGlobalSection
EndGlobal
